
Microsoft Visual Studio Solution File, Format Version 12.00
# Visual Studio 15
VisualStudioVersion = 15.0.27130.2010
MinimumVisualStudioVersion = 10.0.40219.1
Project("{FAE04EC0-301F-11D3-BF4B-00C04F79EFBC}") = "2.3", "2.3\2.3.csproj", "{D6692478-61DF-4532-A334-88183D430B25}"
EndProject
Project("{2150E333-8FDC-42A3-9474-1A3956D46DE8}") = "Solution Items", "Solution Items", "{D35FE709-9617-4D7F-A440-849DEB1D9EBC}"
	ProjectSection(SolutionItems) = preProject
		HashTable.cs = HashTable.cs
		List.cs = List.cs
	EndProjectSection
EndProject
Project("{FAE04EC0-301F-11D3-BF4B-00C04F79EFBC}") = "HashTable.Test", "HashTable.Test\HashTable.Test.csproj", "{15AD2BD5-DDA4-4BE9-ABCA-C8E7033C504A}"
EndProject
Global
	GlobalSection(SolutionConfigurationPlatforms) = preSolution
		Debug|Any CPU = Debug|Any CPU
		Release|Any CPU = Release|Any CPU
	EndGlobalSection
	GlobalSection(ProjectConfigurationPlatforms) = postSolution
		{D6692478-61DF-4532-A334-88183D430B25}.Debug|Any CPU.ActiveCfg = Debug|Any CPU
		{D6692478-61DF-4532-A334-88183D430B25}.Debug|Any CPU.Build.0 = Debug|Any CPU
		{D6692478-61DF-4532-A334-88183D430B25}.Release|Any CPU.ActiveCfg = Release|Any CPU
		{D6692478-61DF-4532-A334-88183D430B25}.Release|Any CPU.Build.0 = Release|Any CPU
		{15AD2BD5-DDA4-4BE9-ABCA-C8E7033C504A}.Debug|Any CPU.ActiveCfg = Debug|Any CPU
		{15AD2BD5-DDA4-4BE9-ABCA-C8E7033C504A}.Debug|Any CPU.Build.0 = Debug|Any CPU
		{15AD2BD5-DDA4-4BE9-ABCA-C8E7033C504A}.Release|Any CPU.ActiveCfg = Release|Any CPU
		{15AD2BD5-DDA4-4BE9-ABCA-C8E7033C504A}.Release|Any CPU.Build.0 = Release|Any CPU
	EndGlobalSection
	GlobalSection(SolutionProperties) = preSolution
		HideSolutionNode = FALSE
	EndGlobalSection
	GlobalSection(ExtensibilityGlobals) = postSolution
		SolutionGuid = {B8EB8C2E-9CBE-487E-B523-6F8F84789942}
	EndGlobalSection
EndGlobal
